
Microsoft Visual Studio Solution File, Format Version 12.00
# Visual Studio 2012
Project("{FAE04EC0-301F-11D3-BF4B-00C04F79EFBC}") = "Dashoor.Common", "Dashoor.Common.csproj", "{9ED91C73-655A-4331-A51F-598BB44EDE20}"
EndProject
Global
	GlobalSection(SolutionConfigurationPlatforms) = preSolution
		Debug|Any CPU = Debug|Any CPU
		Release|Any CPU = Release|Any CPU
	EndGlobalSection
	GlobalSection(ProjectConfigurationPlatforms) = postSolution
		{9ED91C73-655A-4331-A51F-598BB44EDE20}.Debug|Any CPU.ActiveCfg = Debug|Any CPU
		{9ED91C73-655A-4331-A51F-598BB44EDE20}.Debug|Any CPU.Build.0 = Debug|Any CPU
		{9ED91C73-655A-4331-A51F-598BB44EDE20}.Release|Any CPU.ActiveCfg = Release|Any CPU
		{9ED91C73-655A-4331-A51F-598BB44EDE20}.Release|Any CPU.Build.0 = Release|Any CPU
	EndGlobalSection
EndGlobal
